
Microsoft Visual Studio Solution File, Format Version 12.00
# Visual Studio 14
VisualStudioVersion = 14.0.25420.1
MinimumVisualStudioVersion = 10.0.40219.1
Project("{FAE04EC0-301F-11D3-BF4B-00C04F79EFBC}") = "EPiServer.SocialAlloy.Web", "EPiServer.SocialAlloy.Web\EPiServer.SocialAlloy.Web.csproj", "{B8B7F4FC-BEE2-4BAA-A51B-6D7E836E7252}"
EndProject
Project("{2150E333-8FDC-42A3-9474-1A3956D46DE8}") = "Scripts", "Scripts", "{4A8A90DE-2A2E-4EC4-BB91-CBDAAE1A2CC8}"
	ProjectSection(SolutionItems) = preProject
		Scripts\Setup.ps1 = Scripts\Setup.ps1
	EndProjectSection
EndProject
Project("{2150E333-8FDC-42A3-9474-1A3956D46DE8}") = "Docs", "Docs", "{3809E5F2-12BE-4534-B41C-35810B91ADEC}"
	ProjectSection(SolutionItems) = preProject
		..\CONTRIBUTING = ..\CONTRIBUTING
		..\LICENSE = ..\LICENSE
		..\README.md = ..\README.md
	EndProjectSection
EndProject
Project("{FAE04EC0-301F-11D3-BF4B-00C04F79EFBC}") = "EPiServer.SocialAlloy.ExtensionData", "EPiServer.SocialAlloy.ExtensionData\EPiServer.SocialAlloy.ExtensionData.csproj", "{FB46B851-8536-490D-9F22-4F2EDA32FE7F}"
EndProject
Global
	GlobalSection(SolutionConfigurationPlatforms) = preSolution
		Debug|Any CPU = Debug|Any CPU
		Release|Any CPU = Release|Any CPU
	EndGlobalSection
	GlobalSection(ProjectConfigurationPlatforms) = postSolution
		{B8B7F4FC-BEE2-4BAA-A51B-6D7E836E7252}.Debug|Any CPU.ActiveCfg = Debug|Any CPU
		{B8B7F4FC-BEE2-4BAA-A51B-6D7E836E7252}.Debug|Any CPU.Build.0 = Debug|Any CPU
		{B8B7F4FC-BEE2-4BAA-A51B-6D7E836E7252}.Release|Any CPU.ActiveCfg = Release|Any CPU
		{B8B7F4FC-BEE2-4BAA-A51B-6D7E836E7252}.Release|Any CPU.Build.0 = Release|Any CPU
		{FB46B851-8536-490D-9F22-4F2EDA32FE7F}.Debug|Any CPU.ActiveCfg = Debug|Any CPU
		{FB46B851-8536-490D-9F22-4F2EDA32FE7F}.Debug|Any CPU.Build.0 = Debug|Any CPU
		{FB46B851-8536-490D-9F22-4F2EDA32FE7F}.Release|Any CPU.ActiveCfg = Release|Any CPU
		{FB46B851-8536-490D-9F22-4F2EDA32FE7F}.Release|Any CPU.Build.0 = Release|Any CPU
	EndGlobalSection
	GlobalSection(SolutionProperties) = preSolution
		HideSolutionNode = FALSE
	EndGlobalSection
EndGlobal
